
Microsoft Visual Studio Solution File, Format Version 12.00
# Visual Studio Version 17
VisualStudioVersion = 17.2.32602.215
MinimumVisualStudioVersion = 10.0.40219.1
Project("{9A19103F-16F7-4668-BE54-9A1E7A4F7556}") = "utn_devops", "utn_devops\utn_devops.csproj", "{E911FFAA-4DB9-4D0B-8127-4D310AB111B1}"
EndProject
Project("{2150E333-8FDC-42A3-9474-1A3956D46DE8}") = "Solution Items", "Solution Items", "{48B80B29-0288-4D25-8A3B-16A9B3A5D1D2}"
	ProjectSection(SolutionItems) = preProject
		Dockerfile = Dockerfile
	EndProjectSection
EndProject
Global
	GlobalSection(SolutionConfigurationPlatforms) = preSolution
		Debug|Any CPU = Debug|Any CPU
		Release|Any CPU = Release|Any CPU
	EndGlobalSection
	GlobalSection(ProjectConfigurationPlatforms) = postSolution
		{E911FFAA-4DB9-4D0B-8127-4D310AB111B1}.Debug|Any CPU.ActiveCfg = Debug|Any CPU
		{E911FFAA-4DB9-4D0B-8127-4D310AB111B1}.Debug|Any CPU.Build.0 = Debug|Any CPU
		{E911FFAA-4DB9-4D0B-8127-4D310AB111B1}.Release|Any CPU.ActiveCfg = Release|Any CPU
		{E911FFAA-4DB9-4D0B-8127-4D310AB111B1}.Release|Any CPU.Build.0 = Release|Any CPU
	EndGlobalSection
	GlobalSection(SolutionProperties) = preSolution
		HideSolutionNode = FALSE
	EndGlobalSection
	GlobalSection(ExtensibilityGlobals) = postSolution
		SolutionGuid = {AE0439F8-8162-4B64-B0F1-AA8CF9684B4E}
	EndGlobalSection
EndGlobal
